// !$*UTF8*$!
{
	archiveVersion = 1;
	classes = {
	};
	objectVersion = 46;
	objects = {

/* Begin PBXBuildFile section */
		DADD4BD31EBB8BEE00E5035E /* AppDelegate.swift in Sources */ = {isa = PBXBuildFile; fileRef = DADD4BD21EBB8BEE00E5035E /* AppDelegate.swift */; };
		DADD4BD51EBB8BEE00E5035E /* ViewController.swift in Sources */ = {isa = PBXBuildFile; fileRef = DADD4BD41EBB8BEE00E5035E /* ViewController.swift */; };
		DADD4BD81EBB8BEE00E5035E /* Main.storyboard in Resources */ = {isa = PBXBuildFile; fileRef = DADD4BD61EBB8BEE00E5035E /* Main.storyboard */; };
		DADD4BDA1EBB8BEE00E5035E /* Assets.xcassets in Resources */ = {isa = PBXBuildFile; fileRef = DADD4BD91EBB8BEE00E5035E /* Assets.xcassets */; };
		DADD4BDD1EBB8BEE00E5035E /* LaunchScreen.storyboard in Resources */ = {isa = PBXBuildFile; fileRef = DADD4BDB1EBB8BEE00E5035E /* LaunchScreen.storyboard */; };
/* End PBXBuildFile section */

/* Begin PBXFileReference section */
		DADD4BCF1EBB8BEE00E5035E /* GitHub Test.app */ = {isa = PBXFileReference; explicitFileType = wrapper.application; includeInIndex = 0; path = "GitHub Test.app"; sourceTree = BUILT_PRODUCTS_DIR; };
		DADD4BD21EBB8BEE00E5035E /* AppDelegate.swift */ = {isa = PBXFileReference; lastKnownFileType = sourcecode.swift; path = AppDelegate.swift; sourceTree = "<group>"; };
		DADD4BD41EBB8BEE00E5035E /* ViewController.swift */ = {isa = PBXFileReference; lastKnownFileType = sourcecode.swift; path = ViewController.swift; sourceTree = "<group>"; };
		DADD4BD71EBB8BEE00E5035E /* Base */ = {isa = PBXFileReference; lastKnownFileType = file.storyboard; name = Base; path = Base.lproj/Main.storyboard; sourceTree = "<group>"; };
		DADD4BD91EBB8BEE00E5035E /* Assets.xcassets */ = {isa = PBXFileReference; lastKnownFileType = folder.assetcatalog; path = Assets.xcassets; sourceTree = "<group>"; };
		DADD4BDC1EBB8BEE00E5035E /* Base */ = {isa = PBXFileReference; lastKnownFileType = file.storyboard; name = Base; path = Base.lproj/LaunchScreen.storyboard; sourceTree = "<group>"; };
		DADD4BDE1EBB8BEE00E5035E /* Info.plist */ = {isa = PBXFileReference; lastKnownFileType = text.plist.xml; path = Info.plist; sourceTree = "<group>"; };
/* End PBXFileReference section */

/* Begin PBXFrameworksBuildPhase section */
		DADD4BCC1EBB8BEE00E5035E /* Frameworks */ = {
			isa = PBXFrameworksBuildPhase;
			buildActionMask = 2147483647;
			files = (
			);
			runOnlyForDeploymentPostprocessing = 0;
		};
/* End PBXFrameworksBuildPhase section */

/* Begin PBXGroup section */
		DADD4BC61EBB8BEE00E5035E = {
			isa = PBXGroup;
			children = (
				DADD4BD11EBB8BEE00E5035E /* GitHub Test */,
				DADD4BD01EBB8BEE00E5035E /* Products */,
			);
			sourceTree = "<group>";
		};
		DADD4BD01EBB8BEE00E5035E /* Products */ = {
			isa = PBXGroup;
			children = (
				DADD4BCF1EBB8BEE00E5035E /* GitHub Test.app */,
			);
			name = Products;
			sourceTree = "<group>";
		};
		DADD4BD11EBB8BEE00E5035E /* GitHub Test */ = {
			isa = PBXGroup;
			children = (
				DADD4BD21EBB8BEE00E5035E /* AppDelegate.swift */,
				DADD4BD41EBB8BEE00E5035E /* ViewController.swift */,
				DADD4BD61EBB8BEE00E5035E /* Main.storyboard */,
				DADD4BD91EBB8BEE00E5035E /* Assets.xcassets */,
				DADD4BDB1EBB8BEE00E5035E /* LaunchScreen.storyboard */,
				DADD4BDE1EBB8BEE00E5035E /* Info.plist */,
			);
			path = "GitHub Test";
			sourceTree = "<group>";
		};
/* End PBXGroup section */

/* Begin PBXNativeTarget section */
		DADD4BCE1EBB8BEE00E5035E /* GitHub Test */ = {
			isa = PBXNativeTarget;
			buildConfigurationList = DADD4BE11EBB8BEE00E5035E /* Build configuration list for PBXNativeTarget "GitHub Test" */;
			buildPhases = (
				DADD4BCB1EBB8BEE00E5035E /* Sources */,
				DADD4BCC1EBB8BEE00E5035E /* Frameworks */,
				DADD4BCD1EBB8BEE00E5035E /* Resources */,
			);
			buildRules = (
			);
			dependencies = (
			);
			name = "GitHub Test";
			productName = "GitHub Test";
			productReference = DADD4BCF1EBB8BEE00E5035E /* GitHub Test.app */;
			productType = "com.apple.product-type.application";
		};
/* End PBXNativeTarget section */

/* Begin PBXProject section */
		DADD4BC71EBB8BEE00E5035E /* Project object */ = {
			isa = PBXProject;
			attributes = {
				LastSwiftUpdateCheck = 0830;
				LastUpgradeCheck = 0830;
				ORGANIZATIONNAME = Paul;
				TargetAttributes = {
					DADD4BCE1EBB8BEE00E5035E = {
						CreatedOnToolsVersion = 8.3.2;
						DevelopmentTeam = 82AHEC7EG9;
						ProvisioningStyle = Automatic;
					};
				};
			};
			buildConfigurationList = DADD4BCA1EBB8BEE00E5035E /* Build configuration list for PBXProject "GitHub Test" */;
			compatibilityVersion = "Xcode 3.2";
			developmentRegion = English;
			hasScannedForEncodings = 0;
			knownRegions = (
				en,
				Base,
			);
			mainGroup = DADD4BC61EBB8BEE00E5035E;
			productRefGroup = DADD4BD01EBB8BEE00E5035E /* Products */;
			projectDirPath = "";
			projectRoot = "";
			targets = (
				DADD4BCE1EBB8BEE00E5035E /* GitHub Test */,
			);
		};
/* End PBXProject section */

/* Begin PBXResourcesBuildPhase section */
		DADD4BCD1EBB8BEE00E5035E /* Resources */ = {
			isa = PBXResourcesBuildPhase;
			buildActionMask = 2147483647;
			files = (
				DADD4BDD1EBB8BEE00E5035E /* LaunchScreen.storyboard in Resources */,
				DADD4BDA1EBB8BEE00E5035E /* Assets.xcassets in Resources */,
				DADD4BD81EBB8BEE00E5035E /* Main.storyboard in Resources */,
			);
			runOnlyForDeploymentPostprocessing = 0;
		};
/* End PBXResourcesBuildPhase section */

/* Begin PBXSourcesBuildPhase section */
		DADD4BCB1EBB8BEE00E5035E /* Sources */ = {
			isa = PBXSourcesBuildPhase;
			buildActionMask = 2147483647;
			files = (
				DADD4BD51EBB8BEE00E5035E /* ViewController.swift in Sources */,
				DADD4BD31EBB8BEE00E5035E /* AppDelegate.swift in Sources */,
			);
			runOnlyForDeploymentPostprocessing = 0;
		};
/* End PBXSourcesBuildPhase section */

/* Begin PBXVariantGroup section */
		DADD4BD61EBB8BEE00E5035E /* Main.storyboard */ = {
			isa = PBXVariantGroup;
			children = (
				DADD4BD71EBB8BEE00E5035E /* Base */,
			);
			name = Main.storyboard;
			sourceTree = "<group>";
		};
		DADD4BDB1EBB8BEE00E5035E /* LaunchScreen.storyboard */ = {
			isa = PBXVariantGroup;
			children = (
				DADD4BDC1EBB8BEE00E5035E /* Base */,
			);
			name = LaunchScreen.storyboard;
			sourceTree = "<group>";
		};
/* End PBXVariantGroup section */

/* Begin XCBuildConfiguration section */
		DADD4BDF1EBB8BEE00E5035E /* Debug */ = {
			isa = XCBuildConfiguration;
			buildSettings = {
				ALWAYS_SEARCH_USER_PATHS = NO;
				CLANG_ANALYZER_NONNULL = YES;
				CLANG_ANALYZER_NUMBER_OBJECT_CONVERSION = YES_AGGRESSIVE;
				CLANG_CXX_LANGUAGE_STANDARD = "gnu++0x";
				CLANG_CXX_LIBRARY = "libc++";
				CLANG_ENABLE_MODULES = YES;
				CLANG_ENABLE_OBJC_ARC = YES;
				CLANG_WARN_BOOL_CONVERSION = YES;
				CLANG_WARN_CONSTANT_CONVERSION = YES;
				CLANG_WARN_DIRECT_OBJC_ISA_USAGE = YES_ERROR;
				CLANG_WARN_DOCUMENTATION_COMMENTS = YES;
				CLANG_WARN_EMPTY_BODY = YES;
				CLANG_WARN_ENUM_CONVERSION = YES;
				CLANG_WARN_INFINITE_RECURSION = YES;
				CLANG_WARN_INT_CONVERSION = YES;
				CLANG_WARN_OBJC_ROOT_CLASS = YES_ERROR;
				CLANG_WARN_SUSPICIOUS_MOVE = YES;
				CLANG_WARN_UNREACHABLE_CODE = YES;
				CLANG_WARN__DUPLICATE_METHOD_MATCH = YES;
				"CODE_SIGN_IDENTITY[sdk=iphoneos*]" = "iPhone Developer";
				COPY_PHASE_STRIP = NO;
				DEBUG_INFORMATION_FORMAT = dwarf;
				ENABLE_STRICT_OBJC_MSGSEND = YES;
				ENABLE_TESTABILITY = YES;
				GCC_C_LANGUAGE_STANDARD = gnu99;
				GCC_DYNAMIC_NO_PIC = NO;
				GCC_NO_COMMON_BLOCKS = YES;
				GCC_OPTIMIZATION_LEVEL = 0;
				GCC_PREPROCESSOR_DEFINITIONS = (
					"DEBUG=1",
					"$(inherited)",
				);
				GCC_WARN_64_TO_32_BIT_CONVERSION = YES;
				GCC_WARN_ABOUT_RETURN_TYPE = YES_ERROR;
				GCC_WARN_UNDECLARED_SELECTOR = YES;
				GCC_WARN_UNINITIALIZED_AUTOS = YES_AGGRESSIVE;
				GCC_WARN_UNUSED_FUNCTION = YES;
				GCC_WARN_UNUSED_VARIABLE = YES;
				IPHONEOS_DEPLOYMENT_TARGET = 10.3;
				MTL_ENABLE_DEBUG_INFO = YES;
				ONLY_ACTIVE_ARCH = YES;
				SDKROOT = iphoneos;
				SWIFT_ACTIVE_COMPILATION_CONDITIONS = DEBUG;
				SWIFT_OPTIMIZATION_LEVEL = "-Onone";
				TARGETED_DEVICE_FAMILY = "1,2";
			};
			name = Debug;
		};
		DADD4BE01EBB8BEE00E5035E /* Release */ = {
			isa = XCBuildConfiguration;
			buildSettings = {
				ALWAYS_SEARCH_USER_PATHS = NO;
				CLANG_ANALYZER_NONNULL = YES;
				CLANG_ANALYZER_NUMBER_OBJECT_CONVERSION = YES_AGGRESSIVE;
				CLANG_CXX_LANGUAGE_STANDARD = "gnu++0x";
				CLANG_CXX_LIBRARY = "libc++";
				CLANG_ENABLE_MODULES = YES;
				CLANG_ENABLE_OBJC_ARC = YES;
				CLANG_WARN_BOOL_CONVERSION = YES;
				CLANG_WARN_CONSTANT_CONVERSION = YES;
				CLANG_WARN_DIRECT_OBJC_ISA_USAGE = YES_ERROR;
				CLANG_WARN_DOCUMENTATION_COMMENTS = YES;
				CLANG_WARN_EMPTY_BODY = YES;
				CLANG_WARN_ENUM_CONVERSION = YES;
				CLANG_WARN_INFINITE_RECURSION = YES;
				CLANG_WARN_INT_CONVERSION = YES;
				CLANG_WARN_OBJC_ROOT_CLASS = YES_ERROR;
				CLANG_WARN_SUSPICIOUS_MOVE = YES;
				CLANG_WARN_UNREACHABLE_CODE = YES;
				CLANG_WARN__DUPLICATE_METHOD_MATCH = YES;
				"CODE_SIGN_IDENTITY[sdk=iphoneos*]" = "iPhone Developer";
				COPY_PHASE_STRIP = NO;
				DEBUG_INFORMATION_FORMAT = "dwarf-with-dsym";
				ENABLE_NS_ASSERTIONS = NO;
				ENABLE_STRICT_OBJC_MSGSEND = YES;
				GCC_C_LANGUAGE_STANDARD = gnu99;
				GCC_NO_COMMON_BLOCKS = YES;
				GCC_WARN_64_TO_32_BIT_CONVERSION = YES;
				GCC_WARN_ABOUT_RETURN_TYPE = YES_ERROR;
				GCC_WARN_UNDECLARED_SELECTOR = YES;
				GCC_WARN_UNINITIALIZED_AUTOS = YES_AGGRESSIVE;
				GCC_WARN_UNUSED_FUNCTION = YES;
				GCC_WARN_UNUSED_VARIABLE = YES;
				IPHONEOS_DEPLOYMENT_TARGET = 10.3;
				MTL_ENABLE_DEBUG_INFO = NO;
				SDKROOT = iphoneos;
				SWIFT_OPTIMIZATION_LEVEL = "-Owholemodule";
				TARGETED_DEVICE_FAMILY = "1,2";
				VALIDATE_PRODUCT = YES;
			};
			name = Release;
		};
		DADD4BE21EBB8BEE00E5035E /* Debug */ = {
			isa = XCBuildConfiguration;
			buildSettings = {
				ASSETCATALOG_COMPILER_APPICON_NAME = AppIcon;
				"CODE_SIGN_IDENTITY[sdk=iphoneos*]" = "iPhone Developer";
				DEVELOPMENT_TEAM = 82AHEC7EG9;
				INFOPLIST_FILE = "GitHub Test/Info.plist";
				LD_RUNPATH_SEARCH_PATHS = "$(inherited) @executable_path/Frameworks";
				PRODUCT_BUNDLE_IDENTIFIER = "com.Paul.GitHub-Test";
				PRODUCT_NAME = "$(TARGET_NAME)";
				PROVISIONING_PROFILE_SPECIFIER = "";
				SWIFT_VERSION = 3.0;
			};
			name = Debug;
		};
		DADD4BE31EBB8BEE00E5035E /* Release */ = {
			isa = XCBuildConfiguration;
			buildSettings = {
				ASSETCATALOG_COMPILER_APPICON_NAME = AppIcon;
				"CODE_SIGN_IDENTITY[sdk=iphoneos*]" = "iPhone Developer";
				DEVELOPMENT_TEAM = 82AHEC7EG9;
				INFOPLIST_FILE = "GitHub Test/Info.plist";
				LD_RUNPATH_SEARCH_PATHS = "$(inherited) @executable_path/Frameworks";
				PRODUCT_BUNDLE_IDENTIFIER = "com.Paul.GitHub-Test";
				PRODUCT_NAME = "$(TARGET_NAME)";
				PROVISIONING_PROFILE_SPECIFIER = "";
				SWIFT_VERSION = 3.0;
			};
			name = Release;
		};
/* End XCBuildConfiguration section */

/* Begin XCConfigurationList section */
		DADD4BCA1EBB8BEE00E5035E /* Build configuration list for PBXProject "GitHub Test" */ = {
			isa = XCConfigurationList;
			buildConfigurations = (
				DADD4BDF1EBB8BEE00E5035E /* Debug */,
				DADD4BE01EBB8BEE00E5035E /* Release */,
			);
			defaultConfigurationIsVisible = 0;
			defaultConfigurationName = Release;
		};
		DADD4BE11EBB8BEE00E5035E /* Build configuration list for PBXNativeTarget "GitHub Test" */ = {
			isa = XCConfigurationList;
			buildConfigurations = (
				DADD4BE21EBB8BEE00E5035E /* Debug */,
				DADD4BE31EBB8BEE00E5035E /* Release */,
			);
			defaultConfigurationIsVisible = 0;
		};
/* End XCConfigurationList section */
	};
	rootObject = DADD4BC71EBB8BEE00E5035E /* Project object */;
}
